
Microsoft Visual Studio Solution File, Format Version 12.00
# Visual Studio 15
VisualStudioVersion = 15.0.27703.2000
MinimumVisualStudioVersion = 10.0.40219.1
Project("{FAE04EC0-301F-11D3-BF4B-00C04F79EFBC}") = "WebApplication1", "WebApplication1\WebApplication1.csproj", "{53E718A2-AA44-4414-A84E-F0C4DEFA3CEC}"
EndProject
Global
	GlobalSection(SolutionConfigurationPlatforms) = preSolution
		Debug|Any CPU = Debug|Any CPU
		Release|Any CPU = Release|Any CPU
	EndGlobalSection
	GlobalSection(ProjectConfigurationPlatforms) = postSolution
		{53E718A2-AA44-4414-A84E-F0C4DEFA3CEC}.Debug|Any CPU.ActiveCfg = Debug|Any CPU
		{53E718A2-AA44-4414-A84E-F0C4DEFA3CEC}.Debug|Any CPU.Build.0 = Debug|Any CPU
		{53E718A2-AA44-4414-A84E-F0C4DEFA3CEC}.Release|Any CPU.ActiveCfg = Release|Any CPU
		{53E718A2-AA44-4414-A84E-F0C4DEFA3CEC}.Release|Any CPU.Build.0 = Release|Any CPU
	EndGlobalSection
	GlobalSection(SolutionProperties) = preSolution
		HideSolutionNode = FALSE
	EndGlobalSection
	GlobalSection(ExtensibilityGlobals) = postSolution
		SolutionGuid = {E02B7972-EFBF-4A43-867D-C57E5A1BF97A}
	EndGlobalSection
EndGlobal
