
Microsoft Visual Studio Solution File, Format Version 12.00
# Visual Studio 15
VisualStudioVersion = 15.0.27703.2000
MinimumVisualStudioVersion = 10.0.40219.1
Project("{FAE04EC0-301F-11D3-BF4B-00C04F79EFBC}") = "CommandPattern", "CommandPattern\CommandPattern.csproj", "{48A042AD-4F7E-473B-BA5E-8F16FE0488AE}"
EndProject
Global
	GlobalSection(SolutionConfigurationPlatforms) = preSolution
		Debug|Any CPU = Debug|Any CPU
		Release|Any CPU = Release|Any CPU
	EndGlobalSection
	GlobalSection(ProjectConfigurationPlatforms) = postSolution
		{48A042AD-4F7E-473B-BA5E-8F16FE0488AE}.Debug|Any CPU.ActiveCfg = Debug|Any CPU
		{48A042AD-4F7E-473B-BA5E-8F16FE0488AE}.Debug|Any CPU.Build.0 = Debug|Any CPU
		{48A042AD-4F7E-473B-BA5E-8F16FE0488AE}.Release|Any CPU.ActiveCfg = Release|Any CPU
		{48A042AD-4F7E-473B-BA5E-8F16FE0488AE}.Release|Any CPU.Build.0 = Release|Any CPU
	EndGlobalSection
	GlobalSection(SolutionProperties) = preSolution
		HideSolutionNode = FALSE
	EndGlobalSection
	GlobalSection(ExtensibilityGlobals) = postSolution
		SolutionGuid = {A55631B6-0864-4CC3-8E78-66144B3E34C0}
	EndGlobalSection
EndGlobal
