
Microsoft Visual Studio Solution File, Format Version 12.00
# Visual Studio 15
VisualStudioVersion = 15.0.27703.2000
MinimumVisualStudioVersion = 10.0.40219.1
Project("{FAE04EC0-301F-11D3-BF4B-00C04F79EFBC}") = "Mayor3", "Mayor3\Mayor3.csproj", "{6BBE1926-FCFA-407F-9D81-A664E1358067}"
EndProject
Global
	GlobalSection(SolutionConfigurationPlatforms) = preSolution
		Debug|Any CPU = Debug|Any CPU
		Release|Any CPU = Release|Any CPU
	EndGlobalSection
	GlobalSection(ProjectConfigurationPlatforms) = postSolution
		{6BBE1926-FCFA-407F-9D81-A664E1358067}.Debug|Any CPU.ActiveCfg = Debug|Any CPU
		{6BBE1926-FCFA-407F-9D81-A664E1358067}.Debug|Any CPU.Build.0 = Debug|Any CPU
		{6BBE1926-FCFA-407F-9D81-A664E1358067}.Release|Any CPU.ActiveCfg = Release|Any CPU
		{6BBE1926-FCFA-407F-9D81-A664E1358067}.Release|Any CPU.Build.0 = Release|Any CPU
	EndGlobalSection
	GlobalSection(SolutionProperties) = preSolution
		HideSolutionNode = FALSE
	EndGlobalSection
	GlobalSection(ExtensibilityGlobals) = postSolution
		SolutionGuid = {AF58DB71-477C-4F36-8C32-26E8FD425D31}
	EndGlobalSection
EndGlobal
