
Microsoft Visual Studio Solution File, Format Version 12.00
# Visual Studio 15
VisualStudioVersion = 15.0.27703.2000
MinimumVisualStudioVersion = 10.0.40219.1
Project("{FAE04EC0-301F-11D3-BF4B-00C04F79EFBC}") = "Circunferencia", "Circunferencia\Circunferencia.csproj", "{5664EC5B-3124-4A19-9E86-85C17161B97E}"
EndProject
Global
	GlobalSection(SolutionConfigurationPlatforms) = preSolution
		Debug|Any CPU = Debug|Any CPU
		Release|Any CPU = Release|Any CPU
	EndGlobalSection
	GlobalSection(ProjectConfigurationPlatforms) = postSolution
		{5664EC5B-3124-4A19-9E86-85C17161B97E}.Debug|Any CPU.ActiveCfg = Debug|Any CPU
		{5664EC5B-3124-4A19-9E86-85C17161B97E}.Debug|Any CPU.Build.0 = Debug|Any CPU
		{5664EC5B-3124-4A19-9E86-85C17161B97E}.Release|Any CPU.ActiveCfg = Release|Any CPU
		{5664EC5B-3124-4A19-9E86-85C17161B97E}.Release|Any CPU.Build.0 = Release|Any CPU
	EndGlobalSection
	GlobalSection(SolutionProperties) = preSolution
		HideSolutionNode = FALSE
	EndGlobalSection
	GlobalSection(ExtensibilityGlobals) = postSolution
		SolutionGuid = {38CE8B02-081F-477B-ABAF-513EBE00A588}
	EndGlobalSection
EndGlobal
