
Microsoft Visual Studio Solution File, Format Version 12.00
# Visual Studio 15
VisualStudioVersion = 15.0.27703.2000
MinimumVisualStudioVersion = 10.0.40219.1
Project("{FAE04EC0-301F-11D3-BF4B-00C04F79EFBC}") = "ArbolBinarioOrdenado", "ArbolBinarioOrdenado\ArbolBinarioOrdenado.csproj", "{75E0C031-CBF9-4D03-A259-87E9C044B636}"
EndProject
Global
	GlobalSection(SolutionConfigurationPlatforms) = preSolution
		Debug|Any CPU = Debug|Any CPU
		Release|Any CPU = Release|Any CPU
	EndGlobalSection
	GlobalSection(ProjectConfigurationPlatforms) = postSolution
		{75E0C031-CBF9-4D03-A259-87E9C044B636}.Debug|Any CPU.ActiveCfg = Debug|Any CPU
		{75E0C031-CBF9-4D03-A259-87E9C044B636}.Debug|Any CPU.Build.0 = Debug|Any CPU
		{75E0C031-CBF9-4D03-A259-87E9C044B636}.Release|Any CPU.ActiveCfg = Release|Any CPU
		{75E0C031-CBF9-4D03-A259-87E9C044B636}.Release|Any CPU.Build.0 = Release|Any CPU
	EndGlobalSection
	GlobalSection(SolutionProperties) = preSolution
		HideSolutionNode = FALSE
	EndGlobalSection
	GlobalSection(ExtensibilityGlobals) = postSolution
		SolutionGuid = {1C79A6D7-B74D-4484-8AAA-920D7E6D7C99}
	EndGlobalSection
EndGlobal
