
Microsoft Visual Studio Solution File, Format Version 12.00
# Visual Studio 15
VisualStudioVersion = 15.0.27703.2000
MinimumVisualStudioVersion = 10.0.40219.1
Project("{FAE04EC0-301F-11D3-BF4B-00C04F79EFBC}") = "ServidorSumatoria", "ServidorSumatoria\ServidorSumatoria.csproj", "{F61BA1DF-07E2-4461-A98F-6612E3CC31B2}"
EndProject
Global
	GlobalSection(SolutionConfigurationPlatforms) = preSolution
		Debug|Any CPU = Debug|Any CPU
		Release|Any CPU = Release|Any CPU
	EndGlobalSection
	GlobalSection(ProjectConfigurationPlatforms) = postSolution
		{F61BA1DF-07E2-4461-A98F-6612E3CC31B2}.Debug|Any CPU.ActiveCfg = Debug|Any CPU
		{F61BA1DF-07E2-4461-A98F-6612E3CC31B2}.Debug|Any CPU.Build.0 = Debug|Any CPU
		{F61BA1DF-07E2-4461-A98F-6612E3CC31B2}.Release|Any CPU.ActiveCfg = Release|Any CPU
		{F61BA1DF-07E2-4461-A98F-6612E3CC31B2}.Release|Any CPU.Build.0 = Release|Any CPU
	EndGlobalSection
	GlobalSection(SolutionProperties) = preSolution
		HideSolutionNode = FALSE
	EndGlobalSection
	GlobalSection(ExtensibilityGlobals) = postSolution
		SolutionGuid = {9AF382BB-D020-42E0-9D86-243EF2AE0707}
	EndGlobalSection
EndGlobal
