
Microsoft Visual Studio Solution File, Format Version 12.00
# Visual Studio 15
VisualStudioVersion = 15.0.27703.2000
MinimumVisualStudioVersion = 10.0.40219.1
Project("{FAE04EC0-301F-11D3-BF4B-00C04F79EFBC}") = "ClienteSumatoria", "ClienteSumatoria\ClienteSumatoria.csproj", "{E4E84201-FEB9-4D99-993C-71C5AD5A615E}"
EndProject
Global
	GlobalSection(SolutionConfigurationPlatforms) = preSolution
		Debug|Any CPU = Debug|Any CPU
		Release|Any CPU = Release|Any CPU
	EndGlobalSection
	GlobalSection(ProjectConfigurationPlatforms) = postSolution
		{E4E84201-FEB9-4D99-993C-71C5AD5A615E}.Debug|Any CPU.ActiveCfg = Debug|Any CPU
		{E4E84201-FEB9-4D99-993C-71C5AD5A615E}.Debug|Any CPU.Build.0 = Debug|Any CPU
		{E4E84201-FEB9-4D99-993C-71C5AD5A615E}.Release|Any CPU.ActiveCfg = Release|Any CPU
		{E4E84201-FEB9-4D99-993C-71C5AD5A615E}.Release|Any CPU.Build.0 = Release|Any CPU
	EndGlobalSection
	GlobalSection(SolutionProperties) = preSolution
		HideSolutionNode = FALSE
	EndGlobalSection
	GlobalSection(ExtensibilityGlobals) = postSolution
		SolutionGuid = {CE732D94-1095-44A8-ABA4-C54461324DBF}
	EndGlobalSection
EndGlobal
