
Microsoft Visual Studio Solution File, Format Version 12.00
# Visual Studio 15
VisualStudioVersion = 15.0.27703.2000
MinimumVisualStudioVersion = 10.0.40219.1
Project("{FAE04EC0-301F-11D3-BF4B-00C04F79EFBC}") = "MetodoAnonimo1", "MetodoAnonimo1\MetodoAnonimo1.csproj", "{6CB1534C-F4AD-4DF3-A394-D8643704B9B7}"
EndProject
Global
	GlobalSection(SolutionConfigurationPlatforms) = preSolution
		Debug|Any CPU = Debug|Any CPU
		Release|Any CPU = Release|Any CPU
	EndGlobalSection
	GlobalSection(ProjectConfigurationPlatforms) = postSolution
		{6CB1534C-F4AD-4DF3-A394-D8643704B9B7}.Debug|Any CPU.ActiveCfg = Debug|Any CPU
		{6CB1534C-F4AD-4DF3-A394-D8643704B9B7}.Debug|Any CPU.Build.0 = Debug|Any CPU
		{6CB1534C-F4AD-4DF3-A394-D8643704B9B7}.Release|Any CPU.ActiveCfg = Release|Any CPU
		{6CB1534C-F4AD-4DF3-A394-D8643704B9B7}.Release|Any CPU.Build.0 = Release|Any CPU
	EndGlobalSection
	GlobalSection(SolutionProperties) = preSolution
		HideSolutionNode = FALSE
	EndGlobalSection
	GlobalSection(ExtensibilityGlobals) = postSolution
		SolutionGuid = {D4A8AAD6-082C-45F7-B66A-EA2B782F3C6E}
	EndGlobalSection
EndGlobal
